
Microsoft Visual Studio Solution File, Format Version 12.00
# Visual Studio Version 17
VisualStudioVersion = 17.12.35527.113 d17.12
MinimumVisualStudioVersion = 10.0.40219.1
Project("{FAE04EC0-301F-11D3-BF4B-00C04F79EFBC}") = "mission10", "mission10\mission10.csproj", "{7169BB7D-9A55-47D2-A57C-E610872EFB54}"
EndProject
Global
	GlobalSection(SolutionConfigurationPlatforms) = preSolution
		Debug|Any CPU = Debug|Any CPU
		Release|Any CPU = Release|Any CPU
	EndGlobalSection
	GlobalSection(ProjectConfigurationPlatforms) = postSolution
		{7169BB7D-9A55-47D2-A57C-E610872EFB54}.Debug|Any CPU.ActiveCfg = Debug|Any CPU
		{7169BB7D-9A55-47D2-A57C-E610872EFB54}.Debug|Any CPU.Build.0 = Debug|Any CPU
		{7169BB7D-9A55-47D2-A57C-E610872EFB54}.Release|Any CPU.ActiveCfg = Release|Any CPU
		{7169BB7D-9A55-47D2-A57C-E610872EFB54}.Release|Any CPU.Build.0 = Release|Any CPU
	EndGlobalSection
	GlobalSection(SolutionProperties) = preSolution
		HideSolutionNode = FALSE
	EndGlobalSection
EndGlobal
